// !$*UTF8*$!
{
	archiveVersion = 1;
	classes = {
	};
	objectVersion = 46;
	objects = {

/* Begin PBXBuildFile section */
		12837FBF9760F31ACC675EAD /* libPods-workShopTutorial.a in Frameworks */ = {isa = PBXBuildFile; fileRef = F7E75B68D8023FEB60BB5D74 /* libPods-workShopTutorial.a */; };
		3130163F1BAABD3700272B0A /* main.m in Sources */ = {isa = PBXBuildFile; fileRef = 3130163E1BAABD3700272B0A /* main.m */; };
		313016421BAABD3700272B0A /* AppDelegate.m in Sources */ = {isa = PBXBuildFile; fileRef = 313016411BAABD3700272B0A /* AppDelegate.m */; };
		313016481BAABD3700272B0A /* Main.storyboard in Resources */ = {isa = PBXBuildFile; fileRef = 313016461BAABD3700272B0A /* Main.storyboard */; };
		3130164A1BAABD3700272B0A /* Images.xcassets in Resources */ = {isa = PBXBuildFile; fileRef = 313016491BAABD3700272B0A /* Images.xcassets */; };
		3130164D1BAABD3700272B0A /* LaunchScreen.xib in Resources */ = {isa = PBXBuildFile; fileRef = 3130164B1BAABD3700272B0A /* LaunchScreen.xib */; };
		313016591BAABD3700272B0A /* workShopTutorialTests.m in Sources */ = {isa = PBXBuildFile; fileRef = 313016581BAABD3700272B0A /* workShopTutorialTests.m */; };
		313016671BAAC0F300272B0A /* FeedTableViewController.m in Sources */ = {isa = PBXBuildFile; fileRef = 313016661BAAC0F300272B0A /* FeedTableViewController.m */; };
		3130166A1BAAC14A00272B0A /* FeedCell.m in Sources */ = {isa = PBXBuildFile; fileRef = 313016691BAAC14A00272B0A /* FeedCell.m */; };
		3130166F1BAAC81500272B0A /* FeedObj.m in Sources */ = {isa = PBXBuildFile; fileRef = 3130166E1BAAC81500272B0A /* FeedObj.m */; };
		313016711BAACDB400272B0A /* placeholder.png in Resources */ = {isa = PBXBuildFile; fileRef = 313016701BAACDB400272B0A /* placeholder.png */; };
		31A69FC01BB31C5C00E8B6BA /* DetailViewController.m in Sources */ = {isa = PBXBuildFile; fileRef = 31A69FBF1BB31C5C00E8B6BA /* DetailViewController.m */; settings = {ASSET_TAGS = (); }; };
		31A69FC91BB3D88A00E8B6BA /* SWRevealViewController.m in Sources */ = {isa = PBXBuildFile; fileRef = 31A69FC81BB3D88A00E8B6BA /* SWRevealViewController.m */; settings = {ASSET_TAGS = (); }; };
		31A69FD11BB3D8B800E8B6BA /* SidebarViewController.m in Sources */ = {isa = PBXBuildFile; fileRef = 31A69FCB1BB3D8B800E8B6BA /* SidebarViewController.m */; settings = {ASSET_TAGS = (); }; };
		31A69FD91BB3DAB700E8B6BA /* menu.png in Resources */ = {isa = PBXBuildFile; fileRef = 31A69FD71BB3DAB700E8B6BA /* menu.png */; settings = {ASSET_TAGS = (); }; };
		31A69FDA1BB3DAB700E8B6BA /* menu@2x.png in Resources */ = {isa = PBXBuildFile; fileRef = 31A69FD81BB3DAB700E8B6BA /* menu@2x.png */; settings = {ASSET_TAGS = (); }; };
		31A69FDF1BB3E95600E8B6BA /* FormViewController.m in Sources */ = {isa = PBXBuildFile; fileRef = 31A69FDE1BB3E95600E8B6BA /* FormViewController.m */; settings = {ASSET_TAGS = (); }; };
		31E726141BB9113D00CB021B /* ApiManager.m in Sources */ = {isa = PBXBuildFile; fileRef = 31E726131BB9113D00CB021B /* ApiManager.m */; settings = {ASSET_TAGS = (); }; };
/* End PBXBuildFile section */

/* Begin PBXContainerItemProxy section */
		313016531BAABD3700272B0A /* PBXContainerItemProxy */ = {
			isa = PBXContainerItemProxy;
			containerPortal = 313016311BAABD3700272B0A /* Project object */;
			proxyType = 1;
			remoteGlobalIDString = 313016381BAABD3700272B0A;
			remoteInfo = workShopTutorial;
		};
/* End PBXContainerItemProxy section */

/* Begin PBXFileReference section */
		2301150BCD6CBACC10994C44 /* Pods-workShopTutorial.release.xcconfig */ = {isa = PBXFileReference; includeInIndex = 1; lastKnownFileType = text.xcconfig; name = "Pods-workShopTutorial.release.xcconfig"; path = "Pods/Target Support Files/Pods-workShopTutorial/Pods-workShopTutorial.release.xcconfig"; sourceTree = "<group>"; };
		313016391BAABD3700272B0A /* workShopTutorial.app */ = {isa = PBXFileReference; explicitFileType = wrapper.application; includeInIndex = 0; path = workShopTutorial.app; sourceTree = BUILT_PRODUCTS_DIR; };
		3130163D1BAABD3700272B0A /* Info.plist */ = {isa = PBXFileReference; lastKnownFileType = text.plist.xml; path = Info.plist; sourceTree = "<group>"; };
		3130163E1BAABD3700272B0A /* main.m */ = {isa = PBXFileReference; lastKnownFileType = sourcecode.c.objc; path = main.m; sourceTree = "<group>"; };
		313016401BAABD3700272B0A /* AppDelegate.h */ = {isa = PBXFileReference; lastKnownFileType = sourcecode.c.h; path = AppDelegate.h; sourceTree = "<group>"; };
		313016411BAABD3700272B0A /* AppDelegate.m */ = {isa = PBXFileReference; lastKnownFileType = sourcecode.c.objc; path = AppDelegate.m; sourceTree = "<group>"; };
		313016471BAABD3700272B0A /* Base */ = {isa = PBXFileReference; lastKnownFileType = file.storyboard; name = Base; path = Base.lproj/Main.storyboard; sourceTree = "<group>"; };
		313016491BAABD3700272B0A /* Images.xcassets */ = {isa = PBXFileReference; lastKnownFileType = folder.assetcatalog; path = Images.xcassets; sourceTree = "<group>"; };
		3130164C1BAABD3700272B0A /* Base */ = {isa = PBXFileReference; lastKnownFileType = file.xib; name = Base; path = Base.lproj/LaunchScreen.xib; sourceTree = "<group>"; };
		313016521BAABD3700272B0A /* workShopTutorialTests.xctest */ = {isa = PBXFileReference; explicitFileType = wrapper.cfbundle; includeInIndex = 0; path = workShopTutorialTests.xctest; sourceTree = BUILT_PRODUCTS_DIR; };
		313016571BAABD3700272B0A /* Info.plist */ = {isa = PBXFileReference; lastKnownFileType = text.plist.xml; path = Info.plist; sourceTree = "<group>"; };
		313016581BAABD3700272B0A /* workShopTutorialTests.m */ = {isa = PBXFileReference; lastKnownFileType = sourcecode.c.objc; path = workShopTutorialTests.m; sourceTree = "<group>"; };
		313016651BAAC0F300272B0A /* FeedTableViewController.h */ = {isa = PBXFileReference; fileEncoding = 4; lastKnownFileType = sourcecode.c.h; path = FeedTableViewController.h; sourceTree = "<group>"; };
		313016661BAAC0F300272B0A /* FeedTableViewController.m */ = {isa = PBXFileReference; fileEncoding = 4; lastKnownFileType = sourcecode.c.objc; path = FeedTableViewController.m; sourceTree = "<group>"; };
		313016681BAAC14A00272B0A /* FeedCell.h */ = {isa = PBXFileReference; fileEncoding = 4; lastKnownFileType = sourcecode.c.h; path = FeedCell.h; sourceTree = "<group>"; };
		313016691BAAC14A00272B0A /* FeedCell.m */ = {isa = PBXFileReference; fileEncoding = 4; lastKnownFileType = sourcecode.c.objc; path = FeedCell.m; sourceTree = "<group>"; };
		3130166D1BAAC81500272B0A /* FeedObj.h */ = {isa = PBXFileReference; fileEncoding = 4; lastKnownFileType = sourcecode.c.h; path = FeedObj.h; sourceTree = "<group>"; };
		3130166E1BAAC81500272B0A /* FeedObj.m */ = {isa = PBXFileReference; fileEncoding = 4; lastKnownFileType = sourcecode.c.objc; path = FeedObj.m; sourceTree = "<group>"; };
		313016701BAACDB400272B0A /* placeholder.png */ = {isa = PBXFileReference; lastKnownFileType = image.png; path = placeholder.png; sourceTree = "<group>"; };
		31A69FBE1BB31C5C00E8B6BA /* DetailViewController.h */ = {isa = PBXFileReference; fileEncoding = 4; lastKnownFileType = sourcecode.c.h; path = DetailViewController.h; sourceTree = "<group>"; };
		31A69FBF1BB31C5C00E8B6BA /* DetailViewController.m */ = {isa = PBXFileReference; fileEncoding = 4; lastKnownFileType = sourcecode.c.objc; path = DetailViewController.m; sourceTree = "<group>"; };
		31A69FC71BB3D88A00E8B6BA /* SWRevealViewController.h */ = {isa = PBXFileReference; fileEncoding = 4; lastKnownFileType = sourcecode.c.h; path = SWRevealViewController.h; sourceTree = "<group>"; };
		31A69FC81BB3D88A00E8B6BA /* SWRevealViewController.m */ = {isa = PBXFileReference; fileEncoding = 4; lastKnownFileType = sourcecode.c.objc; path = SWRevealViewController.m; sourceTree = "<group>"; };
		31A69FCB1BB3D8B800E8B6BA /* SidebarViewController.m */ = {isa = PBXFileReference; fileEncoding = 4; lastKnownFileType = sourcecode.c.objc; path = SidebarViewController.m; sourceTree = "<group>"; };
		31A69FD01BB3D8B800E8B6BA /* SidebarViewController.h */ = {isa = PBXFileReference; fileEncoding = 4; lastKnownFileType = sourcecode.c.h; path = SidebarViewController.h; sourceTree = "<group>"; };
		31A69FD71BB3DAB700E8B6BA /* menu.png */ = {isa = PBXFileReference; lastKnownFileType = image.png; path = menu.png; sourceTree = "<group>"; };
		31A69FD81BB3DAB700E8B6BA /* menu@2x.png */ = {isa = PBXFileReference; lastKnownFileType = image.png; path = "menu@2x.png"; sourceTree = "<group>"; };
		31A69FDD1BB3E95600E8B6BA /* FormViewController.h */ = {isa = PBXFileReference; fileEncoding = 4; lastKnownFileType = sourcecode.c.h; path = FormViewController.h; sourceTree = "<group>"; };
		31A69FDE1BB3E95600E8B6BA /* FormViewController.m */ = {isa = PBXFileReference; fileEncoding = 4; lastKnownFileType = sourcecode.c.objc; path = FormViewController.m; sourceTree = "<group>"; };
		31B77E331BB9F927004A0F69 /* Colors.h */ = {isa = PBXFileReference; lastKnownFileType = sourcecode.c.h; path = Colors.h; sourceTree = "<group>"; };
		31B77E341BB9F931004A0F69 /* Config.h */ = {isa = PBXFileReference; lastKnownFileType = sourcecode.c.h; path = Config.h; sourceTree = "<group>"; };
		31E726121BB9113D00CB021B /* ApiManager.h */ = {isa = PBXFileReference; fileEncoding = 4; lastKnownFileType = sourcecode.c.h; path = ApiManager.h; sourceTree = "<group>"; };
		31E726131BB9113D00CB021B /* ApiManager.m */ = {isa = PBXFileReference; fileEncoding = 4; lastKnownFileType = sourcecode.c.objc; path = ApiManager.m; sourceTree = "<group>"; };
		B87BA06A341023056F36C16F /* Pods-workShopTutorial.debug.xcconfig */ = {isa = PBXFileReference; includeInIndex = 1; lastKnownFileType = text.xcconfig; name = "Pods-workShopTutorial.debug.xcconfig"; path = "Pods/Target Support Files/Pods-workShopTutorial/Pods-workShopTutorial.debug.xcconfig"; sourceTree = "<group>"; };
		F7E75B68D8023FEB60BB5D74 /* libPods-workShopTutorial.a */ = {isa = PBXFileReference; explicitFileType = archive.ar; includeInIndex = 0; path = "libPods-workShopTutorial.a"; sourceTree = BUILT_PRODUCTS_DIR; };
/* End PBXFileReference section */

/* Begin PBXFrameworksBuildPhase section */
		313016361BAABD3700272B0A /* Frameworks */ = {
			isa = PBXFrameworksBuildPhase;
			buildActionMask = 2147483647;
			files = (
				12837FBF9760F31ACC675EAD /* libPods-workShopTutorial.a in Frameworks */,
			);
			runOnlyForDeploymentPostprocessing = 0;
		};
		3130164F1BAABD3700272B0A /* Frameworks */ = {
			isa = PBXFrameworksBuildPhase;
			buildActionMask = 2147483647;
			files = (
			);
			runOnlyForDeploymentPostprocessing = 0;
		};
/* End PBXFrameworksBuildPhase section */

/* Begin PBXGroup section */
		207CF0C1E89490C606159268 /* Frameworks */ = {
			isa = PBXGroup;
			children = (
				F7E75B68D8023FEB60BB5D74 /* libPods-workShopTutorial.a */,
			);
			name = Frameworks;
			sourceTree = "<group>";
		};
		313016301BAABD3700272B0A = {
			isa = PBXGroup;
			children = (
				3130163B1BAABD3700272B0A /* workShopTutorial */,
				313016551BAABD3700272B0A /* workShopTutorialTests */,
				3130163A1BAABD3700272B0A /* Products */,
				91EE4A676C0EAADD571B682B /* Pods */,
				207CF0C1E89490C606159268 /* Frameworks */,
			);
			sourceTree = "<group>";
		};
		3130163A1BAABD3700272B0A /* Products */ = {
			isa = PBXGroup;
			children = (
				313016391BAABD3700272B0A /* workShopTutorial.app */,
				313016521BAABD3700272B0A /* workShopTutorialTests.xctest */,
			);
			name = Products;
			sourceTree = "<group>";
		};
		3130163B1BAABD3700272B0A /* workShopTutorial */ = {
			isa = PBXGroup;
			children = (
				313016461BAABD3700272B0A /* Main.storyboard */,
				31A69FDC1BB3E94300E8B6BA /* FormController */,
				3130166B1BAAC16300272B0A /* Feed */,
				31A69FDB1BB3DF0A00E8B6BA /* CustomClasses */,
				31A69FCA1BB3D8AE00E8B6BA /* SideBar */,
				3130163C1BAABD3700272B0A /* Supporting Files */,
			);
			path = workShopTutorial;
			sourceTree = "<group>";
		};
		3130163C1BAABD3700272B0A /* Supporting Files */ = {
			isa = PBXGroup;
			children = (
				31A69FE01BB3E95E00E8B6BA /* Libraries */,
				31A69FD71BB3DAB700E8B6BA /* menu.png */,
				31A69FD81BB3DAB700E8B6BA /* menu@2x.png */,
				313016701BAACDB400272B0A /* placeholder.png */,
				313016491BAABD3700272B0A /* Images.xcassets */,
				3130164B1BAABD3700272B0A /* LaunchScreen.xib */,
				313016401BAABD3700272B0A /* AppDelegate.h */,
				313016411BAABD3700272B0A /* AppDelegate.m */,
				3130163D1BAABD3700272B0A /* Info.plist */,
				3130163E1BAABD3700272B0A /* main.m */,
			);
			name = "Supporting Files";
			sourceTree = "<group>";
		};
		313016551BAABD3700272B0A /* workShopTutorialTests */ = {
			isa = PBXGroup;
			children = (
				313016581BAABD3700272B0A /* workShopTutorialTests.m */,
				313016561BAABD3700272B0A /* Supporting Files */,
			);
			path = workShopTutorialTests;
			sourceTree = "<group>";
		};
		313016561BAABD3700272B0A /* Supporting Files */ = {
			isa = PBXGroup;
			children = (
				313016571BAABD3700272B0A /* Info.plist */,
			);
			name = "Supporting Files";
			sourceTree = "<group>";
		};
		3130166B1BAAC16300272B0A /* Feed */ = {
			isa = PBXGroup;
			children = (
				31E726161BB9539300CB021B /* Cell */,
				313016651BAAC0F300272B0A /* FeedTableViewController.h */,
				313016661BAAC0F300272B0A /* FeedTableViewController.m */,
				31A69FBE1BB31C5C00E8B6BA /* DetailViewController.h */,
				31A69FBF1BB31C5C00E8B6BA /* DetailViewController.m */,
			);
			name = Feed;
			sourceTree = "<group>";
		};
		31A69FCA1BB3D8AE00E8B6BA /* SideBar */ = {
			isa = PBXGroup;
			children = (
				31A69FCB1BB3D8B800E8B6BA /* SidebarViewController.m */,
				31A69FD01BB3D8B800E8B6BA /* SidebarViewController.h */,
			);
			name = SideBar;
			sourceTree = "<group>";
		};
		31A69FDB1BB3DF0A00E8B6BA /* CustomClasses */ = {
			isa = PBXGroup;
			children = (
				31E726121BB9113D00CB021B /* ApiManager.h */,
				31E726131BB9113D00CB021B /* ApiManager.m */,
				31B77E331BB9F927004A0F69 /* Colors.h */,
				31B77E341BB9F931004A0F69 /* Config.h */,
			);
			name = CustomClasses;
			sourceTree = "<group>";
		};
		31A69FDC1BB3E94300E8B6BA /* FormController */ = {
			isa = PBXGroup;
			children = (
				31A69FDD1BB3E95600E8B6BA /* FormViewController.h */,
				31A69FDE1BB3E95600E8B6BA /* FormViewController.m */,
			);
			name = FormController;
			sourceTree = "<group>";
		};
		31A69FE01BB3E95E00E8B6BA /* Libraries */ = {
			isa = PBXGroup;
			children = (
				31A69FC71BB3D88A00E8B6BA /* SWRevealViewController.h */,
				31A69FC81BB3D88A00E8B6BA /* SWRevealViewController.m */,
			);
			name = Libraries;
			sourceTree = "<group>";
		};
		31E726161BB9539300CB021B /* Cell */ = {
			isa = PBXGroup;
			children = (
				313016681BAAC14A00272B0A /* FeedCell.h */,
				313016691BAAC14A00272B0A /* FeedCell.m */,
				3130166D1BAAC81500272B0A /* FeedObj.h */,
				3130166E1BAAC81500272B0A /* FeedObj.m */,
			);
			name = Cell;
			sourceTree = "<group>";
		};
		91EE4A676C0EAADD571B682B /* Pods */ = {
			isa = PBXGroup;
			children = (
				B87BA06A341023056F36C16F /* Pods-workShopTutorial.debug.xcconfig */,
				2301150BCD6CBACC10994C44 /* Pods-workShopTutorial.release.xcconfig */,
			);
			name = Pods;
			sourceTree = "<group>";
		};
/* End PBXGroup section */

/* Begin PBXNativeTarget section */
		313016381BAABD3700272B0A /* workShopTutorial */ = {
			isa = PBXNativeTarget;
			buildConfigurationList = 3130165C1BAABD3700272B0A /* Build configuration list for PBXNativeTarget "workShopTutorial" */;
			buildPhases = (
				368BF0F2271CB8E901F95E44 /* Check Pods Manifest.lock */,
				313016351BAABD3700272B0A /* Sources */,
				313016361BAABD3700272B0A /* Frameworks */,
				313016371BAABD3700272B0A /* Resources */,
				810D8F7DEBB6B4D3FC580399 /* Copy Pods Resources */,
			);
			buildRules = (
			);
			dependencies = (
			);
			name = workShopTutorial;
			productName = workShopTutorial;
			productReference = 313016391BAABD3700272B0A /* workShopTutorial.app */;
			productType = "com.apple.product-type.application";
		};
		313016511BAABD3700272B0A /* workShopTutorialTests */ = {
			isa = PBXNativeTarget;
			buildConfigurationList = 3130165F1BAABD3700272B0A /* Build configuration list for PBXNativeTarget "workShopTutorialTests" */;
			buildPhases = (
				3130164E1BAABD3700272B0A /* Sources */,
				3130164F1BAABD3700272B0A /* Frameworks */,
				313016501BAABD3700272B0A /* Resources */,
			);
			buildRules = (
			);
			dependencies = (
				313016541BAABD3700272B0A /* PBXTargetDependency */,
			);
			name = workShopTutorialTests;
			productName = workShopTutorialTests;
			productReference = 313016521BAABD3700272B0A /* workShopTutorialTests.xctest */;
			productType = "com.apple.product-type.bundle.unit-test";
		};
/* End PBXNativeTarget section */

/* Begin PBXProject section */
		313016311BAABD3700272B0A /* Project object */ = {
			isa = PBXProject;
			attributes = {
				LastUpgradeCheck = 0700;
				ORGANIZATIONNAME = "Fabian Buentello";
				TargetAttributes = {
					313016381BAABD3700272B0A = {
						CreatedOnToolsVersion = 6.4;
					};
					313016511BAABD3700272B0A = {
						CreatedOnToolsVersion = 6.4;
						TestTargetID = 313016381BAABD3700272B0A;
					};
				};
			};
			buildConfigurationList = 313016341BAABD3700272B0A /* Build configuration list for PBXProject "workShopTutorial" */;
			compatibilityVersion = "Xcode 3.2";
			developmentRegion = English;
			hasScannedForEncodings = 0;
			knownRegions = (
				en,
				Base,
			);
			mainGroup = 313016301BAABD3700272B0A;
			productRefGroup = 3130163A1BAABD3700272B0A /* Products */;
			projectDirPath = "";
			projectRoot = "";
			targets = (
				313016381BAABD3700272B0A /* workShopTutorial */,
				313016511BAABD3700272B0A /* workShopTutorialTests */,
			);
		};
/* End PBXProject section */

/* Begin PBXResourcesBuildPhase section */
		313016371BAABD3700272B0A /* Resources */ = {
			isa = PBXResourcesBuildPhase;
			buildActionMask = 2147483647;
			files = (
				313016481BAABD3700272B0A /* Main.storyboard in Resources */,
				31A69FDA1BB3DAB700E8B6BA /* menu@2x.png in Resources */,
				31A69FD91BB3DAB700E8B6BA /* menu.png in Resources */,
				3130164D1BAABD3700272B0A /* LaunchScreen.xib in Resources */,
				313016711BAACDB400272B0A /* placeholder.png in Resources */,
				3130164A1BAABD3700272B0A /* Images.xcassets in Resources */,
			);
			runOnlyForDeploymentPostprocessing = 0;
		};
		313016501BAABD3700272B0A /* Resources */ = {
			isa = PBXResourcesBuildPhase;
			buildActionMask = 2147483647;
			files = (
			);
			runOnlyForDeploymentPostprocessing = 0;
		};
/* End PBXResourcesBuildPhase section */

/* Begin PBXShellScriptBuildPhase section */
		368BF0F2271CB8E901F95E44 /* Check Pods Manifest.lock */ = {
			isa = PBXShellScriptBuildPhase;
			buildActionMask = 2147483647;
			files = (
			);
			inputPaths = (
			);
			name = "Check Pods Manifest.lock";
			outputPaths = (
			);
			runOnlyForDeploymentPostprocessing = 0;
			shellPath = /bin/sh;
			shellScript = "diff \"${PODS_ROOT}/../Podfile.lock\" \"${PODS_ROOT}/Manifest.lock\" > /dev/null\nif [[ $? != 0 ]] ; then\n    cat << EOM\nerror: The sandbox is not in sync with the Podfile.lock. Run 'pod install' or update your CocoaPods installation.\nEOM\n    exit 1\nfi\n";
			showEnvVarsInLog = 0;
		};
		810D8F7DEBB6B4D3FC580399 /* Copy Pods Resources */ = {
			isa = PBXShellScriptBuildPhase;
			buildActionMask = 2147483647;
			files = (
			);
			inputPaths = (
			);
			name = "Copy Pods Resources";
			outputPaths = (
			);
			runOnlyForDeploymentPostprocessing = 0;
			shellPath = /bin/sh;
			shellScript = "\"${SRCROOT}/Pods/Target Support Files/Pods-workShopTutorial/Pods-workShopTutorial-resources.sh\"\n";
			showEnvVarsInLog = 0;
		};
/* End PBXShellScriptBuildPhase section */

/* Begin PBXSourcesBuildPhase section */
		313016351BAABD3700272B0A /* Sources */ = {
			isa = PBXSourcesBuildPhase;
			buildActionMask = 2147483647;
			files = (
				313016421BAABD3700272B0A /* AppDelegate.m in Sources */,
				31A69FDF1BB3E95600E8B6BA /* FormViewController.m in Sources */,
				3130166F1BAAC81500272B0A /* FeedObj.m in Sources */,
				3130166A1BAAC14A00272B0A /* FeedCell.m in Sources */,
				3130163F1BAABD3700272B0A /* main.m in Sources */,
				31A69FD11BB3D8B800E8B6BA /* SidebarViewController.m in Sources */,
				31E726141BB9113D00CB021B /* ApiManager.m in Sources */,
				31A69FC91BB3D88A00E8B6BA /* SWRevealViewController.m in Sources */,
				313016671BAAC0F300272B0A /* FeedTableViewController.m in Sources */,
				31A69FC01BB31C5C00E8B6BA /* DetailViewController.m in Sources */,
			);
			runOnlyForDeploymentPostprocessing = 0;
		};
		3130164E1BAABD3700272B0A /* Sources */ = {
			isa = PBXSourcesBuildPhase;
			buildActionMask = 2147483647;
			files = (
				313016591BAABD3700272B0A /* workShopTutorialTests.m in Sources */,
			);
			runOnlyForDeploymentPostprocessing = 0;
		};
/* End PBXSourcesBuildPhase section */

/* Begin PBXTargetDependency section */
		313016541BAABD3700272B0A /* PBXTargetDependency */ = {
			isa = PBXTargetDependency;
			target = 313016381BAABD3700272B0A /* workShopTutorial */;
			targetProxy = 313016531BAABD3700272B0A /* PBXContainerItemProxy */;
		};
/* End PBXTargetDependency section */

/* Begin PBXVariantGroup section */
		313016461BAABD3700272B0A /* Main.storyboard */ = {
			isa = PBXVariantGroup;
			children = (
				313016471BAABD3700272B0A /* Base */,
			);
			name = Main.storyboard;
			sourceTree = "<group>";
		};
		3130164B1BAABD3700272B0A /* LaunchScreen.xib */ = {
			isa = PBXVariantGroup;
			children = (
				3130164C1BAABD3700272B0A /* Base */,
			);
			name = LaunchScreen.xib;
			sourceTree = "<group>";
		};
/* End PBXVariantGroup section */

/* Begin XCBuildConfiguration section */
		3130165A1BAABD3700272B0A /* Debug */ = {
			isa = XCBuildConfiguration;
			buildSettings = {
				ALWAYS_SEARCH_USER_PATHS = NO;
				CLANG_CXX_LANGUAGE_STANDARD = "gnu++0x";
				CLANG_CXX_LIBRARY = "libc++";
				CLANG_ENABLE_MODULES = YES;
				CLANG_ENABLE_OBJC_ARC = YES;
				CLANG_WARN_BOOL_CONVERSION = YES;
				CLANG_WARN_CONSTANT_CONVERSION = YES;
				CLANG_WARN_DIRECT_OBJC_ISA_USAGE = YES_ERROR;
				CLANG_WARN_EMPTY_BODY = YES;
				CLANG_WARN_ENUM_CONVERSION = YES;
				CLANG_WARN_INT_CONVERSION = YES;
				CLANG_WARN_OBJC_ROOT_CLASS = YES_ERROR;
				CLANG_WARN_UNREACHABLE_CODE = YES;
				CLANG_WARN__DUPLICATE_METHOD_MATCH = YES;
				"CODE_SIGN_IDENTITY[sdk=iphoneos*]" = "iPhone Developer";
				COPY_PHASE_STRIP = NO;
				DEBUG_INFORMATION_FORMAT = "dwarf-with-dsym";
				ENABLE_STRICT_OBJC_MSGSEND = YES;
				ENABLE_TESTABILITY = YES;
				GCC_C_LANGUAGE_STANDARD = gnu99;
				GCC_DYNAMIC_NO_PIC = NO;
				GCC_NO_COMMON_BLOCKS = YES;
				GCC_OPTIMIZATION_LEVEL = 0;
				GCC_PREPROCESSOR_DEFINITIONS = (
					"DEBUG=1",
					"$(inherited)",
				);
				GCC_SYMBOLS_PRIVATE_EXTERN = NO;
				GCC_WARN_64_TO_32_BIT_CONVERSION = YES;
				GCC_WARN_ABOUT_RETURN_TYPE = YES_ERROR;
				GCC_WARN_UNDECLARED_SELECTOR = YES;
				GCC_WARN_UNINITIALIZED_AUTOS = YES_AGGRESSIVE;
				GCC_WARN_UNUSED_FUNCTION = YES;
				GCC_WARN_UNUSED_VARIABLE = YES;
				IPHONEOS_DEPLOYMENT_TARGET = 9.0;
				MTL_ENABLE_DEBUG_INFO = YES;
				ONLY_ACTIVE_ARCH = YES;
				SDKROOT = iphoneos;
				TARGETED_DEVICE_FAMILY = "1,2";
			};
			name = Debug;
		};
		3130165B1BAABD3700272B0A /* Release */ = {
			isa = XCBuildConfiguration;
			buildSettings = {
				ALWAYS_SEARCH_USER_PATHS = NO;
				CLANG_CXX_LANGUAGE_STANDARD = "gnu++0x";
				CLANG_CXX_LIBRARY = "libc++";
				CLANG_ENABLE_MODULES = YES;
				CLANG_ENABLE_OBJC_ARC = YES;
				CLANG_WARN_BOOL_CONVERSION = YES;
				CLANG_WARN_CONSTANT_CONVERSION = YES;
				CLANG_WARN_DIRECT_OBJC_ISA_USAGE = YES_ERROR;
				CLANG_WARN_EMPTY_BODY = YES;
				CLANG_WARN_ENUM_CONVERSION = YES;
				CLANG_WARN_INT_CONVERSION = YES;
				CLANG_WARN_OBJC_ROOT_CLASS = YES_ERROR;
				CLANG_WARN_UNREACHABLE_CODE = YES;
				CLANG_WARN__DUPLICATE_METHOD_MATCH = YES;
				"CODE_SIGN_IDENTITY[sdk=iphoneos*]" = "iPhone Developer";
				COPY_PHASE_STRIP = NO;
				DEBUG_INFORMATION_FORMAT = "dwarf-with-dsym";
				ENABLE_NS_ASSERTIONS = NO;
				ENABLE_STRICT_OBJC_MSGSEND = YES;
				GCC_C_LANGUAGE_STANDARD = gnu99;
				GCC_NO_COMMON_BLOCKS = YES;
				GCC_WARN_64_TO_32_BIT_CONVERSION = YES;
				GCC_WARN_ABOUT_RETURN_TYPE = YES_ERROR;
				GCC_WARN_UNDECLARED_SELECTOR = YES;
				GCC_WARN_UNINITIALIZED_AUTOS = YES_AGGRESSIVE;
				GCC_WARN_UNUSED_FUNCTION = YES;
				GCC_WARN_UNUSED_VARIABLE = YES;
				IPHONEOS_DEPLOYMENT_TARGET = 9.0;
				MTL_ENABLE_DEBUG_INFO = NO;
				SDKROOT = iphoneos;
				TARGETED_DEVICE_FAMILY = "1,2";
				VALIDATE_PRODUCT = YES;
			};
			name = Release;
		};
		3130165D1BAABD3700272B0A /* Debug */ = {
			isa = XCBuildConfiguration;
			baseConfigurationReference = B87BA06A341023056F36C16F /* Pods-workShopTutorial.debug.xcconfig */;
			buildSettings = {
				ASSETCATALOG_COMPILER_APPICON_NAME = AppIcon;
				CODE_SIGN_IDENTITY = "iPhone Developer";
				"FRAMEWORK_SEARCH_PATHS[sdk=*]" = "";
				INFOPLIST_FILE = workShopTutorial/Info.plist;
				IPHONEOS_DEPLOYMENT_TARGET = 9.0;
				LD_RUNPATH_SEARCH_PATHS = "$(inherited) @executable_path/Frameworks";
				PRODUCT_BUNDLE_IDENTIFIER = "com.Buentello.$(PRODUCT_NAME:rfc1034identifier)";
				PRODUCT_NAME = "$(TARGET_NAME)";
			};
			name = Debug;
		};
		3130165E1BAABD3700272B0A /* Release */ = {
			isa = XCBuildConfiguration;
			baseConfigurationReference = 2301150BCD6CBACC10994C44 /* Pods-workShopTutorial.release.xcconfig */;
			buildSettings = {
				ASSETCATALOG_COMPILER_APPICON_NAME = AppIcon;
				CODE_SIGN_IDENTITY = "iPhone Developer";
				"FRAMEWORK_SEARCH_PATHS[arch=*]" = "";
				INFOPLIST_FILE = workShopTutorial/Info.plist;
				IPHONEOS_DEPLOYMENT_TARGET = 9.0;
				LD_RUNPATH_SEARCH_PATHS = "$(inherited) @executable_path/Frameworks";
				PRODUCT_BUNDLE_IDENTIFIER = "com.Buentello.$(PRODUCT_NAME:rfc1034identifier)";
				PRODUCT_NAME = "$(TARGET_NAME)";
			};
			name = Release;
		};
		313016601BAABD3700272B0A /* Debug */ = {
			isa = XCBuildConfiguration;
			buildSettings = {
				BUNDLE_LOADER = "$(TEST_HOST)";
				GCC_PREPROCESSOR_DEFINITIONS = (
					"DEBUG=1",
					"$(inherited)",
				);
				INFOPLIST_FILE = workShopTutorialTests/Info.plist;
				LD_RUNPATH_SEARCH_PATHS = "$(inherited) @executable_path/Frameworks @loader_path/Frameworks";
				PRODUCT_BUNDLE_IDENTIFIER = "com.Buentello.$(PRODUCT_NAME:rfc1034identifier)";
				PRODUCT_NAME = "$(TARGET_NAME)";
				TEST_HOST = "$(BUILT_PRODUCTS_DIR)/workShopTutorial.app/workShopTutorial";
			};
			name = Debug;
		};
		313016611BAABD3700272B0A /* Release */ = {
			isa = XCBuildConfiguration;
			buildSettings = {
				BUNDLE_LOADER = "$(TEST_HOST)";
				INFOPLIST_FILE = workShopTutorialTests/Info.plist;
				LD_RUNPATH_SEARCH_PATHS = "$(inherited) @executable_path/Frameworks @loader_path/Frameworks";
				PRODUCT_BUNDLE_IDENTIFIER = "com.Buentello.$(PRODUCT_NAME:rfc1034identifier)";
				PRODUCT_NAME = "$(TARGET_NAME)";
				TEST_HOST = "$(BUILT_PRODUCTS_DIR)/workShopTutorial.app/workShopTutorial";
			};
			name = Release;
		};
/* End XCBuildConfiguration section */

/* Begin XCConfigurationList section */
		313016341BAABD3700272B0A /* Build configuration list for PBXProject "workShopTutorial" */ = {
			isa = XCConfigurationList;
			buildConfigurations = (
				3130165A1BAABD3700272B0A /* Debug */,
				3130165B1BAABD3700272B0A /* Release */,
			);
			defaultConfigurationIsVisible = 0;
			defaultConfigurationName = Release;
		};
		3130165C1BAABD3700272B0A /* Build configuration list for PBXNativeTarget "workShopTutorial" */ = {
			isa = XCConfigurationList;
			buildConfigurations = (
				3130165D1BAABD3700272B0A /* Debug */,
				3130165E1BAABD3700272B0A /* Release */,
			);
			defaultConfigurationIsVisible = 0;
			defaultConfigurationName = Release;
		};
		3130165F1BAABD3700272B0A /* Build configuration list for PBXNativeTarget "workShopTutorialTests" */ = {
			isa = XCConfigurationList;
			buildConfigurations = (
				313016601BAABD3700272B0A /* Debug */,
				313016611BAABD3700272B0A /* Release */,
			);
			defaultConfigurationIsVisible = 0;
			defaultConfigurationName = Release;
		};
/* End XCConfigurationList section */
	};
	rootObject = 313016311BAABD3700272B0A /* Project object */;
}
